
Microsoft Visual Studio Solution File, Format Version 12.00
# Visual Studio 15
VisualStudioVersion = 15.0.28307.102
MinimumVisualStudioVersion = 10.0.40219.1
Project("{FAE04EC0-301F-11D3-BF4B-00C04F79EFBC}") = "Testkode", "Testkode\Testkode.csproj", "{5583C365-1A86-4179-B712-189CAD3EE728}"
EndProject
Project("{FAE04EC0-301F-11D3-BF4B-00C04F79EFBC}") = "Debugdemo", "Debugdemo\Debugdemo.csproj", "{88913C24-DE28-43E7-A7B2-32CA7B794D1B}"
EndProject
Project("{FAE04EC0-301F-11D3-BF4B-00C04F79EFBC}") = "Opgave dato_tid", "Opgave dato_tid\Opgave dato_tid.csproj", "{7EC62812-9C86-4766-8A9E-01C818DBC832}"
EndProject
Project("{FAE04EC0-301F-11D3-BF4B-00C04F79EFBC}") = "Opgave Variabler text", "Opgave Variabler text\Opgave Variabler text.csproj", "{488368A5-7C84-449E-B92A-0053DB4B8D01}"
EndProject
Project("{2150E333-8FDC-42A3-9474-1A3956D46DE8}") = "Solution Items", "Solution Items", "{6F2CD3D5-7601-4C95-A81B-3CF3D0DEF7CA}"
	ProjectSection(SolutionItems) = preProject
		.editorconfig = .editorconfig
	EndProjectSection
EndProject
Project("{FAE04EC0-301F-11D3-BF4B-00C04F79EFBC}") = "Opgave Variabler struct_enum", "Opgave Variabler struct_enum\Opgave Variabler struct_enum.csproj", "{825725FD-F513-4081-8974-DFF74F89DC5D}"
EndProject
Project("{FAE04EC0-301F-11D3-BF4B-00C04F79EFBC}") = "Opgave Fejlhåndtering simpel", "Opgave Fejlhåndtering\Opgave Fejlhåndtering simpel.csproj", "{F435E9B4-6EA0-42FC-955A-206E2F0F2807}"
EndProject
Project("{FAE04EC0-301F-11D3-BF4B-00C04F79EFBC}") = "Opgave Fejlhåndtering egenexception", "Opgave Fejlhåndtering egenexception\Opgave Fejlhåndtering egenexception.csproj", "{A1BB76AE-211C-4245-A6AB-2254FE7F62B3}"
EndProject
Project("{FAE04EC0-301F-11D3-BF4B-00C04F79EFBC}") = "Opgave Hukommelse Struct_Class", "Opgave Hukommelse Struct_Class\Opgave Hukommelse Struct_Class.csproj", "{700131FC-E582-4432-B3F7-074794B4CC76}"
EndProject
Project("{FAE04EC0-301F-11D3-BF4B-00C04F79EFBC}") = "Opgave Klasser Simpel", "Opgave Klasser Simpel\Opgave Klasser Simpel.csproj", "{72216BFE-F003-4B96-A9CB-11A3CB4512B6}"
EndProject
Project("{FAE04EC0-301F-11D3-BF4B-00C04F79EFBC}") = "Opgave Klasser Terning", "Opgave Klasser Terning\Opgave Klasser Terning.csproj", "{C715A7D8-30D1-4918-B046-29075DC463BB}"
EndProject
Project("{FAE04EC0-301F-11D3-BF4B-00C04F79EFBC}") = "Opgave Indkapsling simpel egenskab", "Opgave Indkapsling simpel egenskab\Opgave Indkapsling simpel egenskab.csproj", "{FD0B15A1-CDDF-4FD7-86AA-DA4210AECC57}"
EndProject
Project("{FAE04EC0-301F-11D3-BF4B-00C04F79EFBC}") = "Opgave Indkapsling Auto Egenskab", "Opgave Indkapsling Auto Egenskab\Opgave Indkapsling Auto Egenskab.csproj", "{5374FEDE-EF67-452E-8D78-CF653DC7DD5C}"
EndProject
Project("{FAE04EC0-301F-11D3-BF4B-00C04F79EFBC}") = "Opgave Samlinger Simpel", "Opgave Samlinger Simpel\Opgave Samlinger Simpel.csproj", "{DBA81EC9-27AF-4BF0-86A1-4C929FCA24F7}"
EndProject
Global
	GlobalSection(SolutionConfigurationPlatforms) = preSolution
		Debug|Any CPU = Debug|Any CPU
		Debug|ARM = Debug|ARM
		Debug|ARM64 = Debug|ARM64
		Debug|x64 = Debug|x64
		Debug|x86 = Debug|x86
		Release|Any CPU = Release|Any CPU
		Release|ARM = Release|ARM
		Release|ARM64 = Release|ARM64
		Release|x64 = Release|x64
		Release|x86 = Release|x86
	EndGlobalSection
	GlobalSection(ProjectConfigurationPlatforms) = postSolution
		{5583C365-1A86-4179-B712-189CAD3EE728}.Debug|Any CPU.ActiveCfg = Debug|Any CPU
		{5583C365-1A86-4179-B712-189CAD3EE728}.Debug|Any CPU.Build.0 = Debug|Any CPU
		{5583C365-1A86-4179-B712-189CAD3EE728}.Debug|ARM.ActiveCfg = Debug|Any CPU
		{5583C365-1A86-4179-B712-189CAD3EE728}.Debug|ARM.Build.0 = Debug|Any CPU
		{5583C365-1A86-4179-B712-189CAD3EE728}.Debug|ARM64.ActiveCfg = Debug|Any CPU
		{5583C365-1A86-4179-B712-189CAD3EE728}.Debug|ARM64.Build.0 = Debug|Any CPU
		{5583C365-1A86-4179-B712-189CAD3EE728}.Debug|x64.ActiveCfg = Debug|Any CPU
		{5583C365-1A86-4179-B712-189CAD3EE728}.Debug|x64.Build.0 = Debug|Any CPU
		{5583C365-1A86-4179-B712-189CAD3EE728}.Debug|x86.ActiveCfg = Debug|Any CPU
		{5583C365-1A86-4179-B712-189CAD3EE728}.Debug|x86.Build.0 = Debug|Any CPU
		{5583C365-1A86-4179-B712-189CAD3EE728}.Release|Any CPU.ActiveCfg = Release|Any CPU
		{5583C365-1A86-4179-B712-189CAD3EE728}.Release|Any CPU.Build.0 = Release|Any CPU
		{5583C365-1A86-4179-B712-189CAD3EE728}.Release|ARM.ActiveCfg = Release|Any CPU
		{5583C365-1A86-4179-B712-189CAD3EE728}.Release|ARM.Build.0 = Release|Any CPU
		{5583C365-1A86-4179-B712-189CAD3EE728}.Release|ARM64.ActiveCfg = Release|Any CPU
		{5583C365-1A86-4179-B712-189CAD3EE728}.Release|ARM64.Build.0 = Release|Any CPU
		{5583C365-1A86-4179-B712-189CAD3EE728}.Release|x64.ActiveCfg = Release|Any CPU
		{5583C365-1A86-4179-B712-189CAD3EE728}.Release|x64.Build.0 = Release|Any CPU
		{5583C365-1A86-4179-B712-189CAD3EE728}.Release|x86.ActiveCfg = Release|Any CPU
		{5583C365-1A86-4179-B712-189CAD3EE728}.Release|x86.Build.0 = Release|Any CPU
		{88913C24-DE28-43E7-A7B2-32CA7B794D1B}.Debug|Any CPU.ActiveCfg = Debug|Any CPU
		{88913C24-DE28-43E7-A7B2-32CA7B794D1B}.Debug|Any CPU.Build.0 = Debug|Any CPU
		{88913C24-DE28-43E7-A7B2-32CA7B794D1B}.Debug|ARM.ActiveCfg = Debug|Any CPU
		{88913C24-DE28-43E7-A7B2-32CA7B794D1B}.Debug|ARM.Build.0 = Debug|Any CPU
		{88913C24-DE28-43E7-A7B2-32CA7B794D1B}.Debug|ARM64.ActiveCfg = Debug|Any CPU
		{88913C24-DE28-43E7-A7B2-32CA7B794D1B}.Debug|ARM64.Build.0 = Debug|Any CPU
		{88913C24-DE28-43E7-A7B2-32CA7B794D1B}.Debug|x64.ActiveCfg = Debug|Any CPU
		{88913C24-DE28-43E7-A7B2-32CA7B794D1B}.Debug|x64.Build.0 = Debug|Any CPU
		{88913C24-DE28-43E7-A7B2-32CA7B794D1B}.Debug|x86.ActiveCfg = Debug|Any CPU
		{88913C24-DE28-43E7-A7B2-32CA7B794D1B}.Debug|x86.Build.0 = Debug|Any CPU
		{88913C24-DE28-43E7-A7B2-32CA7B794D1B}.Release|Any CPU.ActiveCfg = Release|Any CPU
		{88913C24-DE28-43E7-A7B2-32CA7B794D1B}.Release|Any CPU.Build.0 = Release|Any CPU
		{88913C24-DE28-43E7-A7B2-32CA7B794D1B}.Release|ARM.ActiveCfg = Release|Any CPU
		{88913C24-DE28-43E7-A7B2-32CA7B794D1B}.Release|ARM.Build.0 = Release|Any CPU
		{88913C24-DE28-43E7-A7B2-32CA7B794D1B}.Release|ARM64.ActiveCfg = Release|Any CPU
		{88913C24-DE28-43E7-A7B2-32CA7B794D1B}.Release|ARM64.Build.0 = Release|Any CPU
		{88913C24-DE28-43E7-A7B2-32CA7B794D1B}.Release|x64.ActiveCfg = Release|Any CPU
		{88913C24-DE28-43E7-A7B2-32CA7B794D1B}.Release|x64.Build.0 = Release|Any CPU
		{88913C24-DE28-43E7-A7B2-32CA7B794D1B}.Release|x86.ActiveCfg = Release|Any CPU
		{88913C24-DE28-43E7-A7B2-32CA7B794D1B}.Release|x86.Build.0 = Release|Any CPU
		{7EC62812-9C86-4766-8A9E-01C818DBC832}.Debug|Any CPU.ActiveCfg = Debug|Any CPU
		{7EC62812-9C86-4766-8A9E-01C818DBC832}.Debug|Any CPU.Build.0 = Debug|Any CPU
		{7EC62812-9C86-4766-8A9E-01C818DBC832}.Debug|ARM.ActiveCfg = Debug|Any CPU
		{7EC62812-9C86-4766-8A9E-01C818DBC832}.Debug|ARM.Build.0 = Debug|Any CPU
		{7EC62812-9C86-4766-8A9E-01C818DBC832}.Debug|ARM64.ActiveCfg = Debug|Any CPU
		{7EC62812-9C86-4766-8A9E-01C818DBC832}.Debug|ARM64.Build.0 = Debug|Any CPU
		{7EC62812-9C86-4766-8A9E-01C818DBC832}.Debug|x64.ActiveCfg = Debug|Any CPU
		{7EC62812-9C86-4766-8A9E-01C818DBC832}.Debug|x64.Build.0 = Debug|Any CPU
		{7EC62812-9C86-4766-8A9E-01C818DBC832}.Debug|x86.ActiveCfg = Debug|Any CPU
		{7EC62812-9C86-4766-8A9E-01C818DBC832}.Debug|x86.Build.0 = Debug|Any CPU
		{7EC62812-9C86-4766-8A9E-01C818DBC832}.Release|Any CPU.ActiveCfg = Release|Any CPU
		{7EC62812-9C86-4766-8A9E-01C818DBC832}.Release|Any CPU.Build.0 = Release|Any CPU
		{7EC62812-9C86-4766-8A9E-01C818DBC832}.Release|ARM.ActiveCfg = Release|Any CPU
		{7EC62812-9C86-4766-8A9E-01C818DBC832}.Release|ARM.Build.0 = Release|Any CPU
		{7EC62812-9C86-4766-8A9E-01C818DBC832}.Release|ARM64.ActiveCfg = Release|Any CPU
		{7EC62812-9C86-4766-8A9E-01C818DBC832}.Release|ARM64.Build.0 = Release|Any CPU
		{7EC62812-9C86-4766-8A9E-01C818DBC832}.Release|x64.ActiveCfg = Release|Any CPU
		{7EC62812-9C86-4766-8A9E-01C818DBC832}.Release|x64.Build.0 = Release|Any CPU
		{7EC62812-9C86-4766-8A9E-01C818DBC832}.Release|x86.ActiveCfg = Release|Any CPU
		{7EC62812-9C86-4766-8A9E-01C818DBC832}.Release|x86.Build.0 = Release|Any CPU
		{488368A5-7C84-449E-B92A-0053DB4B8D01}.Debug|Any CPU.ActiveCfg = Debug|Any CPU
		{488368A5-7C84-449E-B92A-0053DB4B8D01}.Debug|Any CPU.Build.0 = Debug|Any CPU
		{488368A5-7C84-449E-B92A-0053DB4B8D01}.Debug|ARM.ActiveCfg = Debug|Any CPU
		{488368A5-7C84-449E-B92A-0053DB4B8D01}.Debug|ARM.Build.0 = Debug|Any CPU
		{488368A5-7C84-449E-B92A-0053DB4B8D01}.Debug|ARM64.ActiveCfg = Debug|Any CPU
		{488368A5-7C84-449E-B92A-0053DB4B8D01}.Debug|ARM64.Build.0 = Debug|Any CPU
		{488368A5-7C84-449E-B92A-0053DB4B8D01}.Debug|x64.ActiveCfg = Debug|Any CPU
		{488368A5-7C84-449E-B92A-0053DB4B8D01}.Debug|x64.Build.0 = Debug|Any CPU
		{488368A5-7C84-449E-B92A-0053DB4B8D01}.Debug|x86.ActiveCfg = Debug|Any CPU
		{488368A5-7C84-449E-B92A-0053DB4B8D01}.Debug|x86.Build.0 = Debug|Any CPU
		{488368A5-7C84-449E-B92A-0053DB4B8D01}.Release|Any CPU.ActiveCfg = Release|Any CPU
		{488368A5-7C84-449E-B92A-0053DB4B8D01}.Release|Any CPU.Build.0 = Release|Any CPU
		{488368A5-7C84-449E-B92A-0053DB4B8D01}.Release|ARM.ActiveCfg = Release|Any CPU
		{488368A5-7C84-449E-B92A-0053DB4B8D01}.Release|ARM.Build.0 = Release|Any CPU
		{488368A5-7C84-449E-B92A-0053DB4B8D01}.Release|ARM64.ActiveCfg = Release|Any CPU
		{488368A5-7C84-449E-B92A-0053DB4B8D01}.Release|ARM64.Build.0 = Release|Any CPU
		{488368A5-7C84-449E-B92A-0053DB4B8D01}.Release|x64.ActiveCfg = Release|Any CPU
		{488368A5-7C84-449E-B92A-0053DB4B8D01}.Release|x64.Build.0 = Release|Any CPU
		{488368A5-7C84-449E-B92A-0053DB4B8D01}.Release|x86.ActiveCfg = Release|Any CPU
		{488368A5-7C84-449E-B92A-0053DB4B8D01}.Release|x86.Build.0 = Release|Any CPU
		{825725FD-F513-4081-8974-DFF74F89DC5D}.Debug|Any CPU.ActiveCfg = Debug|Any CPU
		{825725FD-F513-4081-8974-DFF74F89DC5D}.Debug|Any CPU.Build.0 = Debug|Any CPU
		{825725FD-F513-4081-8974-DFF74F89DC5D}.Debug|ARM.ActiveCfg = Debug|Any CPU
		{825725FD-F513-4081-8974-DFF74F89DC5D}.Debug|ARM.Build.0 = Debug|Any CPU
		{825725FD-F513-4081-8974-DFF74F89DC5D}.Debug|ARM64.ActiveCfg = Debug|Any CPU
		{825725FD-F513-4081-8974-DFF74F89DC5D}.Debug|ARM64.Build.0 = Debug|Any CPU
		{825725FD-F513-4081-8974-DFF74F89DC5D}.Debug|x64.ActiveCfg = Debug|Any CPU
		{825725FD-F513-4081-8974-DFF74F89DC5D}.Debug|x64.Build.0 = Debug|Any CPU
		{825725FD-F513-4081-8974-DFF74F89DC5D}.Debug|x86.ActiveCfg = Debug|Any CPU
		{825725FD-F513-4081-8974-DFF74F89DC5D}.Debug|x86.Build.0 = Debug|Any CPU
		{825725FD-F513-4081-8974-DFF74F89DC5D}.Release|Any CPU.ActiveCfg = Release|Any CPU
		{825725FD-F513-4081-8974-DFF74F89DC5D}.Release|Any CPU.Build.0 = Release|Any CPU
		{825725FD-F513-4081-8974-DFF74F89DC5D}.Release|ARM.ActiveCfg = Release|Any CPU
		{825725FD-F513-4081-8974-DFF74F89DC5D}.Release|ARM.Build.0 = Release|Any CPU
		{825725FD-F513-4081-8974-DFF74F89DC5D}.Release|ARM64.ActiveCfg = Release|Any CPU
		{825725FD-F513-4081-8974-DFF74F89DC5D}.Release|ARM64.Build.0 = Release|Any CPU
		{825725FD-F513-4081-8974-DFF74F89DC5D}.Release|x64.ActiveCfg = Release|Any CPU
		{825725FD-F513-4081-8974-DFF74F89DC5D}.Release|x64.Build.0 = Release|Any CPU
		{825725FD-F513-4081-8974-DFF74F89DC5D}.Release|x86.ActiveCfg = Release|Any CPU
		{825725FD-F513-4081-8974-DFF74F89DC5D}.Release|x86.Build.0 = Release|Any CPU
		{F435E9B4-6EA0-42FC-955A-206E2F0F2807}.Debug|Any CPU.ActiveCfg = Debug|Any CPU
		{F435E9B4-6EA0-42FC-955A-206E2F0F2807}.Debug|Any CPU.Build.0 = Debug|Any CPU
		{F435E9B4-6EA0-42FC-955A-206E2F0F2807}.Debug|ARM.ActiveCfg = Debug|Any CPU
		{F435E9B4-6EA0-42FC-955A-206E2F0F2807}.Debug|ARM.Build.0 = Debug|Any CPU
		{F435E9B4-6EA0-42FC-955A-206E2F0F2807}.Debug|ARM64.ActiveCfg = Debug|Any CPU
		{F435E9B4-6EA0-42FC-955A-206E2F0F2807}.Debug|ARM64.Build.0 = Debug|Any CPU
		{F435E9B4-6EA0-42FC-955A-206E2F0F2807}.Debug|x64.ActiveCfg = Debug|Any CPU
		{F435E9B4-6EA0-42FC-955A-206E2F0F2807}.Debug|x64.Build.0 = Debug|Any CPU
		{F435E9B4-6EA0-42FC-955A-206E2F0F2807}.Debug|x86.ActiveCfg = Debug|Any CPU
		{F435E9B4-6EA0-42FC-955A-206E2F0F2807}.Debug|x86.Build.0 = Debug|Any CPU
		{F435E9B4-6EA0-42FC-955A-206E2F0F2807}.Release|Any CPU.ActiveCfg = Release|Any CPU
		{F435E9B4-6EA0-42FC-955A-206E2F0F2807}.Release|Any CPU.Build.0 = Release|Any CPU
		{F435E9B4-6EA0-42FC-955A-206E2F0F2807}.Release|ARM.ActiveCfg = Release|Any CPU
		{F435E9B4-6EA0-42FC-955A-206E2F0F2807}.Release|ARM.Build.0 = Release|Any CPU
		{F435E9B4-6EA0-42FC-955A-206E2F0F2807}.Release|ARM64.ActiveCfg = Release|Any CPU
		{F435E9B4-6EA0-42FC-955A-206E2F0F2807}.Release|ARM64.Build.0 = Release|Any CPU
		{F435E9B4-6EA0-42FC-955A-206E2F0F2807}.Release|x64.ActiveCfg = Release|Any CPU
		{F435E9B4-6EA0-42FC-955A-206E2F0F2807}.Release|x64.Build.0 = Release|Any CPU
		{F435E9B4-6EA0-42FC-955A-206E2F0F2807}.Release|x86.ActiveCfg = Release|Any CPU
		{F435E9B4-6EA0-42FC-955A-206E2F0F2807}.Release|x86.Build.0 = Release|Any CPU
		{A1BB76AE-211C-4245-A6AB-2254FE7F62B3}.Debug|Any CPU.ActiveCfg = Debug|Any CPU
		{A1BB76AE-211C-4245-A6AB-2254FE7F62B3}.Debug|Any CPU.Build.0 = Debug|Any CPU
		{A1BB76AE-211C-4245-A6AB-2254FE7F62B3}.Debug|ARM.ActiveCfg = Debug|Any CPU
		{A1BB76AE-211C-4245-A6AB-2254FE7F62B3}.Debug|ARM.Build.0 = Debug|Any CPU
		{A1BB76AE-211C-4245-A6AB-2254FE7F62B3}.Debug|ARM64.ActiveCfg = Debug|Any CPU
		{A1BB76AE-211C-4245-A6AB-2254FE7F62B3}.Debug|ARM64.Build.0 = Debug|Any CPU
		{A1BB76AE-211C-4245-A6AB-2254FE7F62B3}.Debug|x64.ActiveCfg = Debug|Any CPU
		{A1BB76AE-211C-4245-A6AB-2254FE7F62B3}.Debug|x64.Build.0 = Debug|Any CPU
		{A1BB76AE-211C-4245-A6AB-2254FE7F62B3}.Debug|x86.ActiveCfg = Debug|Any CPU
		{A1BB76AE-211C-4245-A6AB-2254FE7F62B3}.Debug|x86.Build.0 = Debug|Any CPU
		{A1BB76AE-211C-4245-A6AB-2254FE7F62B3}.Release|Any CPU.ActiveCfg = Release|Any CPU
		{A1BB76AE-211C-4245-A6AB-2254FE7F62B3}.Release|Any CPU.Build.0 = Release|Any CPU
		{A1BB76AE-211C-4245-A6AB-2254FE7F62B3}.Release|ARM.ActiveCfg = Release|Any CPU
		{A1BB76AE-211C-4245-A6AB-2254FE7F62B3}.Release|ARM.Build.0 = Release|Any CPU
		{A1BB76AE-211C-4245-A6AB-2254FE7F62B3}.Release|ARM64.ActiveCfg = Release|Any CPU
		{A1BB76AE-211C-4245-A6AB-2254FE7F62B3}.Release|ARM64.Build.0 = Release|Any CPU
		{A1BB76AE-211C-4245-A6AB-2254FE7F62B3}.Release|x64.ActiveCfg = Release|Any CPU
		{A1BB76AE-211C-4245-A6AB-2254FE7F62B3}.Release|x64.Build.0 = Release|Any CPU
		{A1BB76AE-211C-4245-A6AB-2254FE7F62B3}.Release|x86.ActiveCfg = Release|Any CPU
		{A1BB76AE-211C-4245-A6AB-2254FE7F62B3}.Release|x86.Build.0 = Release|Any CPU
		{700131FC-E582-4432-B3F7-074794B4CC76}.Debug|Any CPU.ActiveCfg = Debug|Any CPU
		{700131FC-E582-4432-B3F7-074794B4CC76}.Debug|Any CPU.Build.0 = Debug|Any CPU
		{700131FC-E582-4432-B3F7-074794B4CC76}.Debug|ARM.ActiveCfg = Debug|Any CPU
		{700131FC-E582-4432-B3F7-074794B4CC76}.Debug|ARM.Build.0 = Debug|Any CPU
		{700131FC-E582-4432-B3F7-074794B4CC76}.Debug|ARM64.ActiveCfg = Debug|Any CPU
		{700131FC-E582-4432-B3F7-074794B4CC76}.Debug|ARM64.Build.0 = Debug|Any CPU
		{700131FC-E582-4432-B3F7-074794B4CC76}.Debug|x64.ActiveCfg = Debug|Any CPU
		{700131FC-E582-4432-B3F7-074794B4CC76}.Debug|x64.Build.0 = Debug|Any CPU
		{700131FC-E582-4432-B3F7-074794B4CC76}.Debug|x86.ActiveCfg = Debug|Any CPU
		{700131FC-E582-4432-B3F7-074794B4CC76}.Debug|x86.Build.0 = Debug|Any CPU
		{700131FC-E582-4432-B3F7-074794B4CC76}.Release|Any CPU.ActiveCfg = Release|Any CPU
		{700131FC-E582-4432-B3F7-074794B4CC76}.Release|Any CPU.Build.0 = Release|Any CPU
		{700131FC-E582-4432-B3F7-074794B4CC76}.Release|ARM.ActiveCfg = Release|Any CPU
		{700131FC-E582-4432-B3F7-074794B4CC76}.Release|ARM.Build.0 = Release|Any CPU
		{700131FC-E582-4432-B3F7-074794B4CC76}.Release|ARM64.ActiveCfg = Release|Any CPU
		{700131FC-E582-4432-B3F7-074794B4CC76}.Release|ARM64.Build.0 = Release|Any CPU
		{700131FC-E582-4432-B3F7-074794B4CC76}.Release|x64.ActiveCfg = Release|Any CPU
		{700131FC-E582-4432-B3F7-074794B4CC76}.Release|x64.Build.0 = Release|Any CPU
		{700131FC-E582-4432-B3F7-074794B4CC76}.Release|x86.ActiveCfg = Release|Any CPU
		{700131FC-E582-4432-B3F7-074794B4CC76}.Release|x86.Build.0 = Release|Any CPU
		{72216BFE-F003-4B96-A9CB-11A3CB4512B6}.Debug|Any CPU.ActiveCfg = Debug|Any CPU
		{72216BFE-F003-4B96-A9CB-11A3CB4512B6}.Debug|Any CPU.Build.0 = Debug|Any CPU
		{72216BFE-F003-4B96-A9CB-11A3CB4512B6}.Debug|ARM.ActiveCfg = Debug|Any CPU
		{72216BFE-F003-4B96-A9CB-11A3CB4512B6}.Debug|ARM.Build.0 = Debug|Any CPU
		{72216BFE-F003-4B96-A9CB-11A3CB4512B6}.Debug|ARM64.ActiveCfg = Debug|Any CPU
		{72216BFE-F003-4B96-A9CB-11A3CB4512B6}.Debug|ARM64.Build.0 = Debug|Any CPU
		{72216BFE-F003-4B96-A9CB-11A3CB4512B6}.Debug|x64.ActiveCfg = Debug|Any CPU
		{72216BFE-F003-4B96-A9CB-11A3CB4512B6}.Debug|x64.Build.0 = Debug|Any CPU
		{72216BFE-F003-4B96-A9CB-11A3CB4512B6}.Debug|x86.ActiveCfg = Debug|Any CPU
		{72216BFE-F003-4B96-A9CB-11A3CB4512B6}.Debug|x86.Build.0 = Debug|Any CPU
		{72216BFE-F003-4B96-A9CB-11A3CB4512B6}.Release|Any CPU.ActiveCfg = Release|Any CPU
		{72216BFE-F003-4B96-A9CB-11A3CB4512B6}.Release|Any CPU.Build.0 = Release|Any CPU
		{72216BFE-F003-4B96-A9CB-11A3CB4512B6}.Release|ARM.ActiveCfg = Release|Any CPU
		{72216BFE-F003-4B96-A9CB-11A3CB4512B6}.Release|ARM.Build.0 = Release|Any CPU
		{72216BFE-F003-4B96-A9CB-11A3CB4512B6}.Release|ARM64.ActiveCfg = Release|Any CPU
		{72216BFE-F003-4B96-A9CB-11A3CB4512B6}.Release|ARM64.Build.0 = Release|Any CPU
		{72216BFE-F003-4B96-A9CB-11A3CB4512B6}.Release|x64.ActiveCfg = Release|Any CPU
		{72216BFE-F003-4B96-A9CB-11A3CB4512B6}.Release|x64.Build.0 = Release|Any CPU
		{72216BFE-F003-4B96-A9CB-11A3CB4512B6}.Release|x86.ActiveCfg = Release|Any CPU
		{72216BFE-F003-4B96-A9CB-11A3CB4512B6}.Release|x86.Build.0 = Release|Any CPU
		{C715A7D8-30D1-4918-B046-29075DC463BB}.Debug|Any CPU.ActiveCfg = Debug|Any CPU
		{C715A7D8-30D1-4918-B046-29075DC463BB}.Debug|Any CPU.Build.0 = Debug|Any CPU
		{C715A7D8-30D1-4918-B046-29075DC463BB}.Debug|ARM.ActiveCfg = Debug|Any CPU
		{C715A7D8-30D1-4918-B046-29075DC463BB}.Debug|ARM.Build.0 = Debug|Any CPU
		{C715A7D8-30D1-4918-B046-29075DC463BB}.Debug|ARM64.ActiveCfg = Debug|Any CPU
		{C715A7D8-30D1-4918-B046-29075DC463BB}.Debug|ARM64.Build.0 = Debug|Any CPU
		{C715A7D8-30D1-4918-B046-29075DC463BB}.Debug|x64.ActiveCfg = Debug|Any CPU
		{C715A7D8-30D1-4918-B046-29075DC463BB}.Debug|x64.Build.0 = Debug|Any CPU
		{C715A7D8-30D1-4918-B046-29075DC463BB}.Debug|x86.ActiveCfg = Debug|Any CPU
		{C715A7D8-30D1-4918-B046-29075DC463BB}.Debug|x86.Build.0 = Debug|Any CPU
		{C715A7D8-30D1-4918-B046-29075DC463BB}.Release|Any CPU.ActiveCfg = Release|Any CPU
		{C715A7D8-30D1-4918-B046-29075DC463BB}.Release|Any CPU.Build.0 = Release|Any CPU
		{C715A7D8-30D1-4918-B046-29075DC463BB}.Release|ARM.ActiveCfg = Release|Any CPU
		{C715A7D8-30D1-4918-B046-29075DC463BB}.Release|ARM.Build.0 = Release|Any CPU
		{C715A7D8-30D1-4918-B046-29075DC463BB}.Release|ARM64.ActiveCfg = Release|Any CPU
		{C715A7D8-30D1-4918-B046-29075DC463BB}.Release|ARM64.Build.0 = Release|Any CPU
		{C715A7D8-30D1-4918-B046-29075DC463BB}.Release|x64.ActiveCfg = Release|Any CPU
		{C715A7D8-30D1-4918-B046-29075DC463BB}.Release|x64.Build.0 = Release|Any CPU
		{C715A7D8-30D1-4918-B046-29075DC463BB}.Release|x86.ActiveCfg = Release|Any CPU
		{C715A7D8-30D1-4918-B046-29075DC463BB}.Release|x86.Build.0 = Release|Any CPU
		{FD0B15A1-CDDF-4FD7-86AA-DA4210AECC57}.Debug|Any CPU.ActiveCfg = Debug|Any CPU
		{FD0B15A1-CDDF-4FD7-86AA-DA4210AECC57}.Debug|Any CPU.Build.0 = Debug|Any CPU
		{FD0B15A1-CDDF-4FD7-86AA-DA4210AECC57}.Debug|ARM.ActiveCfg = Debug|Any CPU
		{FD0B15A1-CDDF-4FD7-86AA-DA4210AECC57}.Debug|ARM.Build.0 = Debug|Any CPU
		{FD0B15A1-CDDF-4FD7-86AA-DA4210AECC57}.Debug|ARM64.ActiveCfg = Debug|Any CPU
		{FD0B15A1-CDDF-4FD7-86AA-DA4210AECC57}.Debug|ARM64.Build.0 = Debug|Any CPU
		{FD0B15A1-CDDF-4FD7-86AA-DA4210AECC57}.Debug|x64.ActiveCfg = Debug|Any CPU
		{FD0B15A1-CDDF-4FD7-86AA-DA4210AECC57}.Debug|x64.Build.0 = Debug|Any CPU
		{FD0B15A1-CDDF-4FD7-86AA-DA4210AECC57}.Debug|x86.ActiveCfg = Debug|Any CPU
		{FD0B15A1-CDDF-4FD7-86AA-DA4210AECC57}.Debug|x86.Build.0 = Debug|Any CPU
		{FD0B15A1-CDDF-4FD7-86AA-DA4210AECC57}.Release|Any CPU.ActiveCfg = Release|Any CPU
		{FD0B15A1-CDDF-4FD7-86AA-DA4210AECC57}.Release|Any CPU.Build.0 = Release|Any CPU
		{FD0B15A1-CDDF-4FD7-86AA-DA4210AECC57}.Release|ARM.ActiveCfg = Release|Any CPU
		{FD0B15A1-CDDF-4FD7-86AA-DA4210AECC57}.Release|ARM.Build.0 = Release|Any CPU
		{FD0B15A1-CDDF-4FD7-86AA-DA4210AECC57}.Release|ARM64.ActiveCfg = Release|Any CPU
		{FD0B15A1-CDDF-4FD7-86AA-DA4210AECC57}.Release|ARM64.Build.0 = Release|Any CPU
		{FD0B15A1-CDDF-4FD7-86AA-DA4210AECC57}.Release|x64.ActiveCfg = Release|Any CPU
		{FD0B15A1-CDDF-4FD7-86AA-DA4210AECC57}.Release|x64.Build.0 = Release|Any CPU
		{FD0B15A1-CDDF-4FD7-86AA-DA4210AECC57}.Release|x86.ActiveCfg = Release|Any CPU
		{FD0B15A1-CDDF-4FD7-86AA-DA4210AECC57}.Release|x86.Build.0 = Release|Any CPU
		{5374FEDE-EF67-452E-8D78-CF653DC7DD5C}.Debug|Any CPU.ActiveCfg = Debug|Any CPU
		{5374FEDE-EF67-452E-8D78-CF653DC7DD5C}.Debug|Any CPU.Build.0 = Debug|Any CPU
		{5374FEDE-EF67-452E-8D78-CF653DC7DD5C}.Debug|ARM.ActiveCfg = Debug|Any CPU
		{5374FEDE-EF67-452E-8D78-CF653DC7DD5C}.Debug|ARM.Build.0 = Debug|Any CPU
		{5374FEDE-EF67-452E-8D78-CF653DC7DD5C}.Debug|ARM64.ActiveCfg = Debug|Any CPU
		{5374FEDE-EF67-452E-8D78-CF653DC7DD5C}.Debug|ARM64.Build.0 = Debug|Any CPU
		{5374FEDE-EF67-452E-8D78-CF653DC7DD5C}.Debug|x64.ActiveCfg = Debug|Any CPU
		{5374FEDE-EF67-452E-8D78-CF653DC7DD5C}.Debug|x64.Build.0 = Debug|Any CPU
		{5374FEDE-EF67-452E-8D78-CF653DC7DD5C}.Debug|x86.ActiveCfg = Debug|Any CPU
		{5374FEDE-EF67-452E-8D78-CF653DC7DD5C}.Debug|x86.Build.0 = Debug|Any CPU
		{5374FEDE-EF67-452E-8D78-CF653DC7DD5C}.Release|Any CPU.ActiveCfg = Release|Any CPU
		{5374FEDE-EF67-452E-8D78-CF653DC7DD5C}.Release|Any CPU.Build.0 = Release|Any CPU
		{5374FEDE-EF67-452E-8D78-CF653DC7DD5C}.Release|ARM.ActiveCfg = Release|Any CPU
		{5374FEDE-EF67-452E-8D78-CF653DC7DD5C}.Release|ARM.Build.0 = Release|Any CPU
		{5374FEDE-EF67-452E-8D78-CF653DC7DD5C}.Release|ARM64.ActiveCfg = Release|Any CPU
		{5374FEDE-EF67-452E-8D78-CF653DC7DD5C}.Release|ARM64.Build.0 = Release|Any CPU
		{5374FEDE-EF67-452E-8D78-CF653DC7DD5C}.Release|x64.ActiveCfg = Release|Any CPU
		{5374FEDE-EF67-452E-8D78-CF653DC7DD5C}.Release|x64.Build.0 = Release|Any CPU
		{5374FEDE-EF67-452E-8D78-CF653DC7DD5C}.Release|x86.ActiveCfg = Release|Any CPU
		{5374FEDE-EF67-452E-8D78-CF653DC7DD5C}.Release|x86.Build.0 = Release|Any CPU
		{DBA81EC9-27AF-4BF0-86A1-4C929FCA24F7}.Debug|Any CPU.ActiveCfg = Debug|Any CPU
		{DBA81EC9-27AF-4BF0-86A1-4C929FCA24F7}.Debug|Any CPU.Build.0 = Debug|Any CPU
		{DBA81EC9-27AF-4BF0-86A1-4C929FCA24F7}.Debug|ARM.ActiveCfg = Debug|Any CPU
		{DBA81EC9-27AF-4BF0-86A1-4C929FCA24F7}.Debug|ARM.Build.0 = Debug|Any CPU
		{DBA81EC9-27AF-4BF0-86A1-4C929FCA24F7}.Debug|ARM64.ActiveCfg = Debug|Any CPU
		{DBA81EC9-27AF-4BF0-86A1-4C929FCA24F7}.Debug|ARM64.Build.0 = Debug|Any CPU
		{DBA81EC9-27AF-4BF0-86A1-4C929FCA24F7}.Debug|x64.ActiveCfg = Debug|Any CPU
		{DBA81EC9-27AF-4BF0-86A1-4C929FCA24F7}.Debug|x64.Build.0 = Debug|Any CPU
		{DBA81EC9-27AF-4BF0-86A1-4C929FCA24F7}.Debug|x86.ActiveCfg = Debug|Any CPU
		{DBA81EC9-27AF-4BF0-86A1-4C929FCA24F7}.Debug|x86.Build.0 = Debug|Any CPU
		{DBA81EC9-27AF-4BF0-86A1-4C929FCA24F7}.Release|Any CPU.ActiveCfg = Release|Any CPU
		{DBA81EC9-27AF-4BF0-86A1-4C929FCA24F7}.Release|Any CPU.Build.0 = Release|Any CPU
		{DBA81EC9-27AF-4BF0-86A1-4C929FCA24F7}.Release|ARM.ActiveCfg = Release|Any CPU
		{DBA81EC9-27AF-4BF0-86A1-4C929FCA24F7}.Release|ARM.Build.0 = Release|Any CPU
		{DBA81EC9-27AF-4BF0-86A1-4C929FCA24F7}.Release|ARM64.ActiveCfg = Release|Any CPU
		{DBA81EC9-27AF-4BF0-86A1-4C929FCA24F7}.Release|ARM64.Build.0 = Release|Any CPU
		{DBA81EC9-27AF-4BF0-86A1-4C929FCA24F7}.Release|x64.ActiveCfg = Release|Any CPU
		{DBA81EC9-27AF-4BF0-86A1-4C929FCA24F7}.Release|x64.Build.0 = Release|Any CPU
		{DBA81EC9-27AF-4BF0-86A1-4C929FCA24F7}.Release|x86.ActiveCfg = Release|Any CPU
		{DBA81EC9-27AF-4BF0-86A1-4C929FCA24F7}.Release|x86.Build.0 = Release|Any CPU
	EndGlobalSection
	GlobalSection(SolutionProperties) = preSolution
		HideSolutionNode = FALSE
	EndGlobalSection
	GlobalSection(ExtensibilityGlobals) = postSolution
		SolutionGuid = {D3D6FD5A-6843-403C-B097-742BCDA29B20}
	EndGlobalSection
EndGlobal
